
Microsoft Visual Studio Solution File, Format Version 12.00
# Visual Studio Version 17
VisualStudioVersion = 17.6.33801.468
MinimumVisualStudioVersion = 10.0.40219.1
Project("{8BC9CEB8-8B4A-11D0-8D11-00A0C91BC942}") = "airbendersTASKS", "airbendersTASKS.vcxproj", "{8467061F-8920-4D20-8065-2E379D64E48B}"
EndProject
Project("{2150E333-8FDC-42A3-9474-1A3956D46DE8}") = "Çözüm Öğeleri", "Çözüm Öğeleri", "{2387455D-8C9C-45A0-AEE4-DC415024A58A}"
	ProjectSection(SolutionItems) = preProject
		task2.cpp = task2.cpp
	EndProjectSection
EndProject
Global
	GlobalSection(SolutionConfigurationPlatforms) = preSolution
		Debug|x64 = Debug|x64
		Debug|x86 = Debug|x86
		Release|x64 = Release|x64
		Release|x86 = Release|x86
	EndGlobalSection
	GlobalSection(ProjectConfigurationPlatforms) = postSolution
		{8467061F-8920-4D20-8065-2E379D64E48B}.Debug|x64.ActiveCfg = Debug|x64
		{8467061F-8920-4D20-8065-2E379D64E48B}.Debug|x64.Build.0 = Debug|x64
		{8467061F-8920-4D20-8065-2E379D64E48B}.Debug|x86.ActiveCfg = Debug|Win32
		{8467061F-8920-4D20-8065-2E379D64E48B}.Debug|x86.Build.0 = Debug|Win32
		{8467061F-8920-4D20-8065-2E379D64E48B}.Release|x64.ActiveCfg = Release|x64
		{8467061F-8920-4D20-8065-2E379D64E48B}.Release|x64.Build.0 = Release|x64
		{8467061F-8920-4D20-8065-2E379D64E48B}.Release|x86.ActiveCfg = Release|Win32
		{8467061F-8920-4D20-8065-2E379D64E48B}.Release|x86.Build.0 = Release|Win32
	EndGlobalSection
	GlobalSection(SolutionProperties) = preSolution
		HideSolutionNode = FALSE
	EndGlobalSection
	GlobalSection(ExtensibilityGlobals) = postSolution
		SolutionGuid = {BA21677E-9026-443A-BA21-82735B5F9B19}
	EndGlobalSection
EndGlobal
